[root]
name = "context"
version = "0.1.0"
dependencies = [
 "futures 0.1.12 (registry+https://github.com/rust-lang/crates.io-index)",
 "futures-cpupool 0.1.5 (registry+https://github.com/rust-lang/crates.io-index)",
]

[[package]]
name = "futures"
version = "0.1.12"
source = "registry+https://github.com/rust-lang/crates.io-index"

[[package]]
name = "futures-cpupool"
version = "0.1.5"
source = "registry+https://github.com/rust-lang/crates.io-index"
dependencies = [
 "futures 0.1.12 (registry+https://github.com/rust-lang/crates.io-index)",
 "num_cpus 1.3.0 (registry+https://github.com/rust-lang/crates.io-index)",
]

[[package]]
name = "libc"
version = "0.2.21"
source = "registry+https://github.com/rust-lang/crates.io-index"

[[package]]
name = "num_cpus"
version = "1.3.0"
source = "registry+https://github.com/rust-lang/crates.io-index"
dependencies = [
 "libc 0.2.21 (registry+https://github.com/rust-lang/crates.io-index)",
]

[metadata]
"checksum futures 0.1.12 (registry+https://github.com/rust-lang/crates.io-index)" = "0ffa9721bfc26c0293ab2195bbf037aefb3951ece8d755e01fb90e0177acba79"
"checksum futures-cpupool 0.1.5 (registry+https://github.com/rust-lang/crates.io-index)" = "a283c84501e92cade5ea673a2a7ca44f71f209ccdd302a3e0896f50083d2c5ff"
"checksum libc 0.2.21 (registry+https://github.com/rust-lang/crates.io-index)" = "88ee81885f9f04bff991e306fea7c1c60a5f0f9e409e99f6b40e3311a3363135"
"checksum num_cpus 1.3.0 (registry+https://github.com/rust-lang/crates.io-index)" = "a18c392466409c50b87369414a2680c93e739aedeb498eb2bff7d7eb569744e2"
